{
  "name": "princeXML",
  "version": "0.0.1",
  "dependencies": {
    "opener": {
      "version": "1.3.0"
    },
    "node-uuid": {
      "version": "1.4.0"
    },
    "should": {
      "version": "1.2.1"
    },
    "mocha": {
      "version": "1.7.4",
      "dependencies": {
        "commander": {
          "version": "0.6.1"
        },
        "growl": {
          "version": "1.6.1"
        },
        "jade": {
          "version": "0.26.3",
          "dependencies": {
            "mkdirp": {
              "version": "0.3.0"
            }
          }
        },
        "diff": {
          "version": "1.0.2"
        },
        "debug": {
          "version": "0.7.0"
        },
        "mkdirp": {
          "version": "0.3.3"
        },
        "ms": {
          "version": "0.3.0"
        }
      }
    }
  }
}
